
Microsoft Visual Studio Solution File, Format Version 12.00
# Visual Studio Version 17
VisualStudioVersion = 17.4.33403.182
MinimumVisualStudioVersion = 10.0.40219.1
Project("{FAE04EC0-301F-11D3-BF4B-00C04F79EFBC}") = "CollectThemAll", "CollectThemAll\CollectThemAll.csproj", "{38B71924-A82A-480A-A1F4-29162D616E6E}"
EndProject
Global
	GlobalSection(SolutionConfigurationPlatforms) = preSolution
		Debug|Any CPU = Debug|Any CPU
		Release|Any CPU = Release|Any CPU
	EndGlobalSection
	GlobalSection(ProjectConfigurationPlatforms) = postSolution
		{38B71924-A82A-480A-A1F4-29162D616E6E}.Debug|Any CPU.ActiveCfg = Debug|Any CPU
		{38B71924-A82A-480A-A1F4-29162D616E6E}.Debug|Any CPU.Build.0 = Debug|Any CPU
		{38B71924-A82A-480A-A1F4-29162D616E6E}.Release|Any CPU.ActiveCfg = Release|Any CPU
		{38B71924-A82A-480A-A1F4-29162D616E6E}.Release|Any CPU.Build.0 = Release|Any CPU
	EndGlobalSection
	GlobalSection(SolutionProperties) = preSolution
		HideSolutionNode = FALSE
	EndGlobalSection
	GlobalSection(ExtensibilityGlobals) = postSolution
		SolutionGuid = {A4C54F60-B50A-4CE0-BB2D-CE4E67F557E6}
	EndGlobalSection
EndGlobal
